lockfileVersion: '9.0'

settings:
  autoInstallPeers: true
  excludeLinksFromLockfile: false

importers:

  .:
    dependencies:
      '@workspace/api-zod':
        specifier: workspace:*
        version: link:../../lib/api-zod
      '@workspace/db':
        specifier: workspace:*
        version: link:../../lib/db
      '@workspace/integrations-openai-ai-server':
        specifier: workspace:*
        version: link:../../lib/integrations-openai-ai-server
      imapflow:
        specifier: ^1.7.8
        version: 1.7.8

packages:

  '@pinojs/redact@0.4.0':
    resolution: {integrity: sha512-k2ENnmBugE/rzQfEcdWHcCY+/FM3VLzH9cYEsbdsoqrvzAKRhUZeRNhAZvB8OitQJ1TBed3yqWtdjzS6wJKBwg==}

  '@zone-eu/mailsplit@5.4.16':
    resolution: {integrity: sha512-zQ9iXvlT3Wi/hazeC1MdI4rQc1UJwJ6IQ6QzSZ5KDxLZZWQSazWLOzImLFluXadKShJ9WJvI1xH+AyVS8b9azg==}

  atomic-sleep@1.0.0:
    resolution: {integrity: sha512-kNOjDqAh7px0XWNI+4QbzoiR/nTkHAWNud2uvnJquD1/x5a7EQZMJT0AczqK0Qn67oY/TTQ1LbUKajZpp3I9tQ==}
    engines: {node: '>=8.0.0'}

  encoding-japanese@2.3.0:
    resolution: {integrity: sha512-eQyh1vzHz13DUkZcJO+0IOAoKXRQwKV5IBffeuYsWZyRLGiSzfzXObCqWvqFXdX0UU8qOk+lBXbkUhMCpdJe4Q==}
    engines: {node: '>=18.0.0'}

  iconv-lite@0.7.3:
    resolution: {integrity: sha512-IKXpvIzjnC9XTAUbVBcMfGS0EPaIXtW6v+zr+RRp+hqULEpo0owZax6wyRwPOJbWbzjYspQwusTsfVr0ifh4uQ==}
    engines: {node: '>=0.10.0'}

  imapflow@1.7.8:
    resolution: {integrity: sha512-dJoCIdZOJh26Rn2PdwEzwj0bRDgGBxxX38pio534FagIHVuR2l0SAfLr6sJo32YfuJHiSs/U2ntNDHnMg3/Hlg==}

  ip-address@10.7.3:
    resolution: {integrity: sha512-A1kdq/tSb5QjvKvAMgIoEvDBIgL7qaqVP/jkvSwYYRZ9iEzvPpopxp2wQfu3SuZRHtpHNxMn8Fs0bS+gf5Xmwg==}
    engines: {node: '>= 12'}

  libbase64@1.3.0:
    resolution: {integrity: sha512-GgOXd0Eo6phYgh0DJtjQ2tO8dc0IVINtZJeARPeiIJqge+HdsWSuaDTe8ztQ7j/cONByDZ3zeB325AHiv5O0dg==}

  libmime@5.4.3:
    resolution: {integrity: sha512-di9BoDabBUMqjeD/wGj+hHpSgdqAph5ui7w6OdY6NpzU6O6VFLQsMOg9tqCjm/zf9OHzAM9EZxSOF7uIb8O8Hw==}

  libqp@2.1.1:
    resolution: {integrity: sha512-0Wd+GPz1O134cP62YU2GTOPNA7Qgl09XwCqM5zpBv87ERCXdfDtyKXvV7c9U22yWJh44QZqBocFnXN11K96qow==}

  on-exit-leak-free@2.1.2:
    resolution: {integrity: sha512-0eJJY6hXLGf1udHwfNftBqH+g73EU4B504nZeKpz1sYRKafAghwxEJunB2O7rDZkL4PGfsMVnTXZ2EjibbqcsA==}
    engines: {node: '>=14.0.0'}

  pino-abstract-transport@3.0.0:
    resolution: {integrity: sha512-wlfUczU+n7Hy/Ha5j9a/gZNy7We5+cXp8YL+X+PG8S0KXxw7n/JXA3c46Y0zQznIJ83URJiwy7Lh56WLokNuxg==}

  pino-std-serializers@7.1.0:
    resolution: {integrity: sha512-BndPH67/JxGExRgiX1dX0w1FvZck5Wa4aal9198SrRhZjH3GxKQUKIBnYJTdj2HDN3UQAS06HlfcSbQj2OHmaw==}

  pino@10.3.1:
    resolution: {integrity: sha512-r34yH/GlQpKZbU1BvFFqOjhISRo1MNx1tWYsYvmj6KIRHSPMT2+yHOEb1SG6NMvRoHRF0a07kCOox/9yakl1vg==}
    hasBin: true

  process-warning@5.1.0:
    resolution: {integrity: sha512-jQSaVHsPgtyw60e1rQ/A+/ArPEj/S8pS/vFnyGa/gYFXrKk/6RuDkoqVDQ5NI5MmS01698ltlAk0NoDBNLujRw==}

  quick-format-unescaped@4.0.4:
    resolution: {integrity: sha512-tYC1Q1hgyRuHgloV/YXs2w15unPVh8qfu/qCTfhTYamaw7fyhumKa2yGpdSo87vY32rIclj+4fWYQXUMs9EHvg==}

  real-require@0.2.0:
    resolution: {integrity: sha512-57frrGM/OCTLqLOAh0mhVA9VBMHd+9U7Zb2THMGdBUoZVOtGbJzjxsYGDJ3A9AYYCP4hn6y1TVbaOfzWtm5GFg==}
    engines: {node: '>= 12.13.0'}

  real-require@1.0.0:
    resolution: {integrity: sha512-P4nbQYQfePJxRSmY+v/KINxVucm4NF3p3s7pJveMTtom52FR4YGltUQLB8idDXwDDWW+eYrWDFbuzUnjoWHF7g==}

  safe-stable-stringify@2.5.0:
    resolution: {integrity: sha512-b3rppTKm9T+PsVCBEOUR46GWI7fdOs00VKZ1+9c1EWDaDMvjQc6tUwuFyIprgGgTcWoVHSKrU8H31ZHA2e0RHA==}
    engines: {node: '>=10'}

  safer-buffer@2.1.2:
    resolution: {integrity: sha512-YZo3K82SD7Riyi0E1EQPojLz7kpepnSQI9IyPbHHg1XXXevb5dJI7tpyN2ADxGcQbHG7vcyRHk0cbwqcQriUtg==}

  smart-buffer@4.2.0:
    resolution: {integrity: sha512-94hK0Hh8rPqQl2xXc3HsaBoOXKV20MToPkcXvwbISWLEs+64sBq5kFgn2kJDHb1Pry9yrP0dxrCI9RRci7RXKg==}
    engines: {node: '>= 6.0.0', npm: '>= 3.0.0'}

  socks@2.8.9:
    resolution: {integrity: sha512-LJhUYUvItdQ0LkJTmPeaEObWXAqFyfmP85x0tch/ez9cahmhlBBLbIqDFnvBnUJGagb0JbIQrkBs1wJ+yRYpEw==}
    engines: {node: '>= 10.0.0', npm: '>= 3.0.0'}

  sonic-boom@4.2.1:
    resolution: {integrity: sha512-w6AxtubXa2wTXAUsZMMWERrsIRAdrK0Sc+FUytWvYAhBJLyuI4llrMIC1DtlNSdI99EI86KZum2MMq3EAZlF9Q==}

  split2@4.2.0:
    resolution: {integrity: sha512-UcjcJOWknrNkF6PLX83qcHM6KHgVKNkV62Y8a5uYDVv9ydGQVwAHMKqHdJje1VTWpljG0WYpCDhrCdAOYH4TWg==}
    engines: {node: '>= 10.x'}

  thread-stream@4.2.0:
    resolution: {integrity: sha512-e2zZ96wSChazBsbENf/Pcm/4swHt2cEKQ92rhUjkL9GCKiTDJIaTBenjE/m9DXi0QBmTMDkFDdOomUy20A1tDQ==}
    engines: {node: '>=20'}

snapshots:

  '@pinojs/redact@0.4.0': {}

  '@zone-eu/mailsplit@5.4.16':
    dependencies:
      libbase64: 1.3.0
      libmime: 5.4.3
      libqp: 2.1.1

  atomic-sleep@1.0.0: {}

  encoding-japanese@2.3.0: {}

  iconv-lite@0.7.3:
    dependencies:
      safer-buffer: 2.1.2

  imapflow@1.7.8:
    dependencies:
      '@zone-eu/mailsplit': 5.4.16
      encoding-japanese: 2.3.0
      iconv-lite: 0.7.3
      libbase64: 1.3.0
      libmime: 5.4.3
      libqp: 2.1.1
      pino: 10.3.1
      socks: 2.8.9

  ip-address@10.7.3: {}

  libbase64@1.3.0: {}

  libmime@5.4.3:
    dependencies:
      encoding-japanese: 2.3.0
      iconv-lite: 0.7.3
      libbase64: 1.3.0
      libqp: 2.1.1

  libqp@2.1.1: {}

  on-exit-leak-free@2.1.2: {}

  pino-abstract-transport@3.0.0:
    dependencies:
      split2: 4.2.0

  pino-std-serializers@7.1.0: {}

  pino@10.3.1:
    dependencies:
      '@pinojs/redact': 0.4.0
      atomic-sleep: 1.0.0
      on-exit-leak-free: 2.1.2
      pino-abstract-transport: 3.0.0
      pino-std-serializers: 7.1.0
      process-warning: 5.1.0
      quick-format-unescaped: 4.0.4
      real-require: 0.2.0
      safe-stable-stringify: 2.5.0
      sonic-boom: 4.2.1
      thread-stream: 4.2.0

  process-warning@5.1.0: {}

  quick-format-unescaped@4.0.4: {}

  real-require@0.2.0: {}

  real-require@1.0.0: {}

  safe-stable-stringify@2.5.0: {}

  safer-buffer@2.1.2: {}

  smart-buffer@4.2.0: {}

  socks@2.8.9:
    dependencies:
      ip-address: 10.7.3
      smart-buffer: 4.2.0

  sonic-boom@4.2.1:
    dependencies:
      atomic-sleep: 1.0.0

  split2@4.2.0: {}

  thread-stream@4.2.0:
    dependencies:
      real-require: 1.0.0
